
Microsoft Visual Studio Solution File, Format Version 12.00
# Visual Studio Version 16
VisualStudioVersion = 16.0.31911.196
MinimumVisualStudioVersion = 10.0.40219.1
Project("{FAE04EC0-301F-11D3-BF4B-00C04F79EFBC}") = "Practic", "Practic.csproj", "{BEDBA3EB-13F2-423C-9CD4-42594FA22CFF}"
EndProject
Global
	GlobalSection(SolutionConfigurationPlatforms) = preSolution
		Debug|Any CPU = Debug|Any CPU
		Release|Any CPU = Release|Any CPU
	EndGlobalSection
	GlobalSection(ProjectConfigurationPlatforms) = postSolution
		{BEDBA3EB-13F2-423C-9CD4-42594FA22CFF}.Debug|Any CPU.ActiveCfg = Debug|Any CPU
		{BEDBA3EB-13F2-423C-9CD4-42594FA22CFF}.Debug|Any CPU.Build.0 = Debug|Any CPU
		{BEDBA3EB-13F2-423C-9CD4-42594FA22CFF}.Release|Any CPU.ActiveCfg = Release|Any CPU
		{BEDBA3EB-13F2-423C-9CD4-42594FA22CFF}.Release|Any CPU.Build.0 = Release|Any CPU
	EndGlobalSection
	GlobalSection(SolutionProperties) = preSolution
		HideSolutionNode = FALSE
	EndGlobalSection
	GlobalSection(ExtensibilityGlobals) = postSolution
		SolutionGuid = {B6A3A1DB-69BA-46CE-B3B2-F8CA33826F6D}
	EndGlobalSection
EndGlobal
